# This file is automatically @generated by Cargo.
# It is not intended for manual editing.
version = 3

[[package]]
name = "cc"
version = "1.0.98"
source = "registry+https://github.com/rust-lang/crates.io-index"
checksum = "41c270e7540d725e65ac7f1b212ac8ce349719624d7bcff99f8e2e488e8cf03f"

[[package]]
name = "crabz"
version = "0.1.0"
dependencies = [
 "libz-rs-sys",
 "memmap2",
 "mimalloc",
 "spmc",
 "zlib-rs",
]

[[package]]
name = "libc"
version = "0.2.155"
source = "registry+https://github.com/rust-lang/crates.io-index"
checksum = "97b3888a4aecf77e811145cadf6eef5901f4782c53886191b2f693f24761847c"

[[package]]
name = "libmimalloc-sys"
version = "0.1.38"
source = "registry+https://github.com/rust-lang/crates.io-index"
checksum = "0e7bb23d733dfcc8af652a78b7bf232f0e967710d044732185e561e47c0336b6"
dependencies = [
 "cc",
 "libc",
]

[[package]]
name = "libz-rs-sys"
version = "0.2.0"
source = "registry+https://github.com/rust-lang/crates.io-index"
checksum = "3368670734b1a31b3afa28a78fc1f6ca960adfc8500e51f435429291d292035b"
dependencies = [
 "zlib-rs",
]

[[package]]
name = "memmap2"
version = "0.9.4"
source = "registry+https://github.com/rust-lang/crates.io-index"
checksum = "fe751422e4a8caa417e13c3ea66452215d7d63e19e604f4980461212f3ae1322"
dependencies = [
 "libc",
]

[[package]]
name = "mimalloc"
version = "0.1.42"
source = "registry+https://github.com/rust-lang/crates.io-index"
checksum = "e9186d86b79b52f4a77af65604b51225e8db1d6ee7e3f41aec1e40829c71a176"
dependencies = [
 "libmimalloc-sys",
]

[[package]]
name = "spmc"
version = "0.3.0"
source = "registry+https://github.com/rust-lang/crates.io-index"
checksum = "02a8428da277a8e3a15271d79943e80ccc2ef254e78813a166a08d65e4c3ece5"

[[package]]
name = "zlib-rs"
version = "0.2.0"
source = "registry+https://github.com/rust-lang/crates.io-index"
checksum = "059dbb1dfca0db0ceaa1f0b5375158361df7ce98a20a1e93041154034c99e2d2"
